// !$*UTF8*$!
{
	archiveVersion = 1;
	classes = {
	};
	objectVersion = 50;
	objects = {

/* Begin PBXBuildFile section */
		BAC7CC74231DFDC3008B416A /* OffsetStrategy.swift in Sources */ = {isa = PBXBuildFile; fileRef = BAC7CC71231DFDC3008B416A /* OffsetStrategy.swift */; };
		BAC7CC75231DFDC3008B416A /* RemainStrategy.swift in Sources */ = {isa = PBXBuildFile; fileRef = BAC7CC72231DFDC3008B416A /* RemainStrategy.swift */; };
		BAC7CC76231DFDC3008B416A /* ThresholdStrategy.swift in Sources */ = {isa = PBXBuildFile; fileRef = BAC7CC73231DFDC3008B416A /* ThresholdStrategy.swift */; };
		DA5B31BC2201577C00FFBE35 /* AppDelegate.swift in Sources */ = {isa = PBXBuildFile; fileRef = DA5B31BB2201577C00FFBE35 /* AppDelegate.swift */; };
		DA5B31BE2201577C00FFBE35 /* ViewController.swift in Sources */ = {isa = PBXBuildFile; fileRef = DA5B31BD2201577C00FFBE35 /* ViewController.swift */; };
		DA5B31C12201577C00FFBE35 /* Main.storyboard in Resources */ = {isa = PBXBuildFile; fileRef = DA5B31BF2201577C00FFBE35 /* Main.storyboard */; };
		DA5B31C32201577D00FFBE35 /* Assets.xcassets in Resources */ = {isa = PBXBuildFile; fileRef = DA5B31C22201577D00FFBE35 /* Assets.xcassets */; };
		DA5B31C62201577D00FFBE35 /* LaunchScreen.storyboard in Resources */ = {isa = PBXBuildFile; fileRef = DA5B31C42201577D00FFBE35 /* LaunchScreen.storyboard */; };
		DA5B31CF220157CC00FFBE35 /* ListPrefetcher.swift in Sources */ = {isa = PBXBuildFile; fileRef = DA5B31CE220157CC00FFBE35 /* ListPrefetcher.swift */; };
/* End PBXBuildFile section */

/* Begin PBXFileReference section */
		BAC7CC71231DFDC3008B416A /* OffsetStrategy.swift */ = {isa = PBXFileReference; fileEncoding = 4; lastKnownFileType = sourcecode.swift; path = OffsetStrategy.swift; sourceTree = "<group>"; };
		BAC7CC72231DFDC3008B416A /* RemainStrategy.swift */ = {isa = PBXFileReference; fileEncoding = 4; lastKnownFileType = sourcecode.swift; path = RemainStrategy.swift; sourceTree = "<group>"; };
		BAC7CC73231DFDC3008B416A /* ThresholdStrategy.swift */ = {isa = PBXFileReference; fileEncoding = 4; lastKnownFileType = sourcecode.swift; path = ThresholdStrategy.swift; sourceTree = "<group>"; };
		DA5B31B82201577C00FFBE35 /* ListPrefetcher.app */ = {isa = PBXFileReference; explicitFileType = wrapper.application; includeInIndex = 0; path = ListPrefetcher.app; sourceTree = BUILT_PRODUCTS_DIR; };
		DA5B31BB2201577C00FFBE35 /* AppDelegate.swift */ = {isa = PBXFileReference; lastKnownFileType = sourcecode.swift; path = AppDelegate.swift; sourceTree = "<group>"; };
		DA5B31BD2201577C00FFBE35 /* ViewController.swift */ = {isa = PBXFileReference; lastKnownFileType = sourcecode.swift; path = ViewController.swift; sourceTree = "<group>"; };
		DA5B31C02201577C00FFBE35 /* Base */ = {isa = PBXFileReference; lastKnownFileType = file.storyboard; name = Base; path = Base.lproj/Main.storyboard; sourceTree = "<group>"; };
		DA5B31C22201577D00FFBE35 /* Assets.xcassets */ = {isa = PBXFileReference; lastKnownFileType = folder.assetcatalog; path = Assets.xcassets; sourceTree = "<group>"; };
		DA5B31C52201577D00FFBE35 /* Base */ = {isa = PBXFileReference; lastKnownFileType = file.storyboard; name = Base; path = Base.lproj/LaunchScreen.storyboard; sourceTree = "<group>"; };
		DA5B31C72201577D00FFBE35 /* Info.plist */ = {isa = PBXFileReference; lastKnownFileType = text.plist.xml; path = Info.plist; sourceTree = "<group>"; };
		DA5B31CE220157CC00FFBE35 /* ListPrefetcher.swift */ = {isa = PBXFileReference; lastKnownFileType = sourcecode.swift; path = ListPrefetcher.swift; sourceTree = "<group>"; };
/* End PBXFileReference section */

/* Begin PBXFrameworksBuildPhase section */
		DA5B31B52201577C00FFBE35 /* Frameworks */ = {
			isa = PBXFrameworksBuildPhase;
			buildActionMask = 2147483647;
			files = (
			);
			runOnlyForDeploymentPostprocessing = 0;
		};
/* End PBXFrameworksBuildPhase section */

/* Begin PBXGroup section */
		DA5B31AF2201577C00FFBE35 = {
			isa = PBXGroup;
			children = (
				DA5B31BA2201577C00FFBE35 /* ListPrefetcher */,
				DA5B31B92201577C00FFBE35 /* Products */,
			);
			sourceTree = "<group>";
		};
		DA5B31B92201577C00FFBE35 /* Products */ = {
			isa = PBXGroup;
			children = (
				DA5B31B82201577C00FFBE35 /* ListPrefetcher.app */,
			);
			name = Products;
			sourceTree = "<group>";
		};
		DA5B31BA2201577C00FFBE35 /* ListPrefetcher */ = {
			isa = PBXGroup;
			children = (
				DA5B31CD2201578800FFBE35 /* ListPrefetcher */,
				DA5B31BB2201577C00FFBE35 /* AppDelegate.swift */,
				DA5B31BD2201577C00FFBE35 /* ViewController.swift */,
				DA5B31BF2201577C00FFBE35 /* Main.storyboard */,
				DA5B31C22201577D00FFBE35 /* Assets.xcassets */,
				DA5B31C42201577D00FFBE35 /* LaunchScreen.storyboard */,
				DA5B31C72201577D00FFBE35 /* Info.plist */,
			);
			path = ListPrefetcher;
			sourceTree = "<group>";
		};
		DA5B31CD2201578800FFBE35 /* ListPrefetcher */ = {
			isa = PBXGroup;
			children = (
				BAC7CC71231DFDC3008B416A /* OffsetStrategy.swift */,
				BAC7CC72231DFDC3008B416A /* RemainStrategy.swift */,
				BAC7CC73231DFDC3008B416A /* ThresholdStrategy.swift */,
				DA5B31CE220157CC00FFBE35 /* ListPrefetcher.swift */,
			);
			path = ListPrefetcher;
			sourceTree = "<group>";
		};
/* End PBXGroup section */

/* Begin PBXNativeTarget section */
		DA5B31B72201577C00FFBE35 /* ListPrefetcher */ = {
			isa = PBXNativeTarget;
			buildConfigurationList = DA5B31CA2201577D00FFBE35 /* Build configuration list for PBXNativeTarget "ListPrefetcher" */;
			buildPhases = (
				DA5B31B42201577C00FFBE35 /* Sources */,
				DA5B31B52201577C00FFBE35 /* Frameworks */,
				DA5B31B62201577C00FFBE35 /* Resources */,
			);
			buildRules = (
			);
			dependencies = (
			);
			name = ListPrefetcher;
			productName = ListPrefetcher;
			productReference = DA5B31B82201577C00FFBE35 /* ListPrefetcher.app */;
			productType = "com.apple.product-type.application";
		};
/* End PBXNativeTarget section */

/* Begin PBXProject section */
		DA5B31B02201577C00FFBE35 /* Project object */ = {
			isa = PBXProject;
			attributes = {
				LastSwiftUpdateCheck = 1010;
				LastUpgradeCheck = 1010;
				ORGANIZATIONNAME = nemocdz;
				TargetAttributes = {
					DA5B31B72201577C00FFBE35 = {
						CreatedOnToolsVersion = 10.1;
						LastSwiftMigration = 1020;
					};
				};
			};
			buildConfigurationList = DA5B31B32201577C00FFBE35 /* Build configuration list for PBXProject "ListPrefetcher" */;
			compatibilityVersion = "Xcode 9.3";
			developmentRegion = en;
			hasScannedForEncodings = 0;
			knownRegions = (
				en,
				Base,
			);
			mainGroup = DA5B31AF2201577C00FFBE35;
			productRefGroup = DA5B31B92201577C00FFBE35 /* Products */;
			projectDirPath = "";
			projectRoot = "";
			targets = (
				DA5B31B72201577C00FFBE35 /* ListPrefetcher */,
			);
		};
/* End PBXProject section */

/* Begin PBXResourcesBuildPhase section */
		DA5B31B62201577C00FFBE35 /* Resources */ = {
			isa = PBXResourcesBuildPhase;
			buildActionMask = 2147483647;
			files = (
				DA5B31C62201577D00FFBE35 /* LaunchScreen.storyboard in Resources */,
				DA5B31C32201577D00FFBE35 /* Assets.xcassets in Resources */,
				DA5B31C12201577C00FFBE35 /* Main.storyboard in Resources */,
			);
			runOnlyForDeploymentPostprocessing = 0;
		};
/* End PBXResourcesBuildPhase section */

/* Begin PBXSourcesBuildPhase section */
		DA5B31B42201577C00FFBE35 /* Sources */ = {
			isa = PBXSourcesBuildPhase;
			buildActionMask = 2147483647;
			files = (
				DA5B31BE2201577C00FFBE35 /* ViewController.swift in Sources */,
				BAC7CC74231DFDC3008B416A /* OffsetStrategy.swift in Sources */,
				BAC7CC75231DFDC3008B416A /* RemainStrategy.swift in Sources */,
				DA5B31BC2201577C00FFBE35 /* AppDelegate.swift in Sources */,
				BAC7CC76231DFDC3008B416A /* ThresholdStrategy.swift in Sources */,
				DA5B31CF220157CC00FFBE35 /* ListPrefetcher.swift in Sources */,
			);
			runOnlyForDeploymentPostprocessing = 0;
		};
/* End PBXSourcesBuildPhase section */

/* Begin PBXVariantGroup section */
		DA5B31BF2201577C00FFBE35 /* Main.storyboard */ = {
			isa = PBXVariantGroup;
			children = (
				DA5B31C02201577C00FFBE35 /* Base */,
			);
			name = Main.storyboard;
			sourceTree = "<group>";
		};
		DA5B31C42201577D00FFBE35 /* LaunchScreen.storyboard */ = {
			isa = PBXVariantGroup;
			children = (
				DA5B31C52201577D00FFBE35 /* Base */,
			);
			name = LaunchScreen.storyboard;
			sourceTree = "<group>";
		};
/* End PBXVariantGroup section */

/* Begin XCBuildConfiguration section */
		DA5B31C82201577D00FFBE35 /* Debug */ = {
			isa = XCBuildConfiguration;
			buildSettings = {
				ALWAYS_SEARCH_USER_PATHS = NO;
				CLANG_ANALYZER_NONNULL = YES;
				CLANG_ANALYZER_NUMBER_OBJECT_CONVERSION = YES_AGGRESSIVE;
				CLANG_CXX_LANGUAGE_STANDARD = "gnu++14";
				CLANG_CXX_LIBRARY = "libc++";
				CLANG_ENABLE_MODULES = YES;
				CLANG_ENABLE_OBJC_ARC = YES;
				CLANG_ENABLE_OBJC_WEAK = YES;
				CLANG_WARN_BLOCK_CAPTURE_AUTORELEASING = YES;
				CLANG_WARN_BOOL_CONVERSION = YES;
				CLANG_WARN_COMMA = YES;
				CLANG_WARN_CONSTANT_CONVERSION = YES;
				CLANG_WARN_DEPRECATED_OBJC_IMPLEMENTATIONS = YES;
				CLANG_WARN_DIRECT_OBJC_ISA_USAGE = YES_ERROR;
				CLANG_WARN_DOCUMENTATION_COMMENTS = YES;
				CLANG_WARN_EMPTY_BODY = YES;
				CLANG_WARN_ENUM_CONVERSION = YES;
				CLANG_WARN_INFINITE_RECURSION = YES;
				CLANG_WARN_INT_CONVERSION = YES;
				CLANG_WARN_NON_LITERAL_NULL_CONVERSION = YES;
				CLANG_WARN_OBJC_IMPLICIT_RETAIN_SELF = YES;
				CLANG_WARN_OBJC_LITERAL_CONVERSION = YES;
				CLANG_WARN_OBJC_ROOT_CLASS = YES_ERROR;
				CLANG_WARN_RANGE_LOOP_ANALYSIS = YES;
				CLANG_WARN_STRICT_PROTOTYPES = YES;
				CLANG_WARN_SUSPICIOUS_MOVE = YES;
				CLANG_WARN_UNGUARDED_AVAILABILITY = YES_AGGRESSIVE;
				CLANG_WARN_UNREACHABLE_CODE = YES;
				CLANG_WARN__DUPLICATE_METHOD_MATCH = YES;
				CODE_SIGN_IDENTITY = "iPhone Developer";
				COPY_PHASE_STRIP = NO;
				DEBUG_INFORMATION_FORMAT = dwarf;
				ENABLE_STRICT_OBJC_MSGSEND = YES;
				ENABLE_TESTABILITY = YES;
				GCC_C_LANGUAGE_STANDARD = gnu11;
				GCC_DYNAMIC_NO_PIC = NO;
				GCC_NO_COMMON_BLOCKS = YES;
				GCC_OPTIMIZATION_LEVEL = 0;
				GCC_PREPROCESSOR_DEFINITIONS = (
					"DEBUG=1",
					"$(inherited)",
				);
				GCC_WARN_64_TO_32_BIT_CONVERSION = YES;
				GCC_WARN_ABOUT_RETURN_TYPE = YES_ERROR;
				GCC_WARN_UNDECLARED_SELECTOR = YES;
				GCC_WARN_UNINITIALIZED_AUTOS = YES_AGGRESSIVE;
				GCC_WARN_UNUSED_FUNCTION = YES;
				GCC_WARN_UNUSED_VARIABLE = YES;
				IPHONEOS_DEPLOYMENT_TARGET = 12.1;
				MTL_ENABLE_DEBUG_INFO = INCLUDE_SOURCE;
				MTL_FAST_MATH = YES;
				ONLY_ACTIVE_ARCH = YES;
				SDKROOT = iphoneos;
				SWIFT_ACTIVE_COMPILATION_CONDITIONS = DEBUG;
				SWIFT_OPTIMIZATION_LEVEL = "-Onone";
			};
			name = Debug;
		};
		DA5B31C92201577D00FFBE35 /* Release */ = {
			isa = XCBuildConfiguration;
			buildSettings = {
				ALWAYS_SEARCH_USER_PATHS = NO;
				CLANG_ANALYZER_NONNULL = YES;
				CLANG_ANALYZER_NUMBER_OBJECT_CONVERSION = YES_AGGRESSIVE;
				CLANG_CXX_LANGUAGE_STANDARD = "gnu++14";
				CLANG_CXX_LIBRARY = "libc++";
				CLANG_ENABLE_MODULES = YES;
				CLANG_ENABLE_OBJC_ARC = YES;
				CLANG_ENABLE_OBJC_WEAK = YES;
				CLANG_WARN_BLOCK_CAPTURE_AUTORELEASING = YES;
				CLANG_WARN_BOOL_CONVERSION = YES;
				CLANG_WARN_COMMA = YES;
				CLANG_WARN_CONSTANT_CONVERSION = YES;
				CLANG_WARN_DEPRECATED_OBJC_IMPLEMENTATIONS = YES;
				CLANG_WARN_DIRECT_OBJC_ISA_USAGE = YES_ERROR;
				CLANG_WARN_DOCUMENTATION_COMMENTS = YES;
				CLANG_WARN_EMPTY_BODY = YES;
				CLANG_WARN_ENUM_CONVERSION = YES;
				CLANG_WARN_INFINITE_RECURSION = YES;
				CLANG_WARN_INT_CONVERSION = YES;
				CLANG_WARN_NON_LITERAL_NULL_CONVERSION = YES;
				CLANG_WARN_OBJC_IMPLICIT_RETAIN_SELF = YES;
				CLANG_WARN_OBJC_LITERAL_CONVERSION = YES;
				CLANG_WARN_OBJC_ROOT_CLASS = YES_ERROR;
				CLANG_WARN_RANGE_LOOP_ANALYSIS = YES;
				CLANG_WARN_STRICT_PROTOTYPES = YES;
				CLANG_WARN_SUSPICIOUS_MOVE = YES;
				CLANG_WARN_UNGUARDED_AVAILABILITY = YES_AGGRESSIVE;
				CLANG_WARN_UNREACHABLE_CODE = YES;
				CLANG_WARN__DUPLICATE_METHOD_MATCH = YES;
				CODE_SIGN_IDENTITY = "iPhone Developer";
				COPY_PHASE_STRIP = NO;
				DEBUG_INFORMATION_FORMAT = "dwarf-with-dsym";
				ENABLE_NS_ASSERTIONS = NO;
				ENABLE_STRICT_OBJC_MSGSEND = YES;
				GCC_C_LANGUAGE_STANDARD = gnu11;
				GCC_NO_COMMON_BLOCKS = YES;
				GCC_WARN_64_TO_32_BIT_CONVERSION = YES;
				GCC_WARN_ABOUT_RETURN_TYPE = YES_ERROR;
				GCC_WARN_UNDECLARED_SELECTOR = YES;
				GCC_WARN_UNINITIALIZED_AUTOS = YES_AGGRESSIVE;
				GCC_WARN_UNUSED_FUNCTION = YES;
				GCC_WARN_UNUSED_VARIABLE = YES;
				IPHONEOS_DEPLOYMENT_TARGET = 12.1;
				MTL_ENABLE_DEBUG_INFO = NO;
				MTL_FAST_MATH = YES;
				SDKROOT = iphoneos;
				SWIFT_COMPILATION_MODE = wholemodule;
				SWIFT_OPTIMIZATION_LEVEL = "-O";
				VALIDATE_PRODUCT = YES;
			};
			name = Release;
		};
		DA5B31CB2201577D00FFBE35 /* Debug */ = {
			isa = XCBuildConfiguration;
			buildSettings = {
				ASSETCATALOG_COMPILER_APPICON_NAME = AppIcon;
				CODE_SIGN_STYLE = Automatic;
				INFOPLIST_FILE = ListPrefetcher/Info.plist;
				LD_RUNPATH_SEARCH_PATHS = (
					"$(inherited)",
					"@executable_path/Frameworks",
				);
				PRODUCT_BUNDLE_IDENTIFIER = com.nemocdz.ListPrefetcher;
				PRODUCT_NAME = "$(TARGET_NAME)";
				SWIFT_VERSION = 5.0;
				TARGETED_DEVICE_FAMILY = "1,2";
			};
			name = Debug;
		};
		DA5B31CC2201577D00FFBE35 /* Release */ = {
			isa = XCBuildConfiguration;
			buildSettings = {
				ASSETCATALOG_COMPILER_APPICON_NAME = AppIcon;
				CODE_SIGN_STYLE = Automatic;
				INFOPLIST_FILE = ListPrefetcher/Info.plist;
				LD_RUNPATH_SEARCH_PATHS = (
					"$(inherited)",
					"@executable_path/Frameworks",
				);
				PRODUCT_BUNDLE_IDENTIFIER = com.nemocdz.ListPrefetcher;
				PRODUCT_NAME = "$(TARGET_NAME)";
				SWIFT_VERSION = 5.0;
				TARGETED_DEVICE_FAMILY = "1,2";
			};
			name = Release;
		};
/* End XCBuildConfiguration section */

/* Begin XCConfigurationList section */
		DA5B31B32201577C00FFBE35 /* Build configuration list for PBXProject "ListPrefetcher" */ = {
			isa = XCConfigurationList;
			buildConfigurations = (
				DA5B31C82201577D00FFBE35 /* Debug */,
				DA5B31C92201577D00FFBE35 /* Release */,
			);
			defaultConfigurationIsVisible = 0;
			defaultConfigurationName = Release;
		};
		DA5B31CA2201577D00FFBE35 /* Build configuration list for PBXNativeTarget "ListPrefetcher" */ = {
			isa = XCConfigurationList;
			buildConfigurations = (
				DA5B31CB2201577D00FFBE35 /* Debug */,
				DA5B31CC2201577D00FFBE35 /* Release */,
			);
			defaultConfigurationIsVisible = 0;
			defaultConfigurationName = Release;
		};
/* End XCConfigurationList section */
	};
	rootObject = DA5B31B02201577C00FFBE35 /* Project object */;
}
